{
  "nodes": {
    "home-manager": {
      "inputs": {
        "nixpkgs": [
          "nixpkgs"
        ]
      },
      "locked": {
        "lastModified": 1651800560,
        "narHash": "sha256-LUfR0/Fv8DA0uu8Uex2S1QcLiE4B5ylplbXmMs6/YoM=",
        "owner": "nix-community",
        "repo": "home-manager",
        "rev": "538343be863cb0b9e9f1471e6dc09e0e140c7b3d",
        "type": "github"
      },
      "original": {
        "owner": "nix-community",
        "repo": "home-manager",
        "type": "github"
      }
    },
    "nixpkgs": {
      "locked": {
        "lastModified": 1651862055,
        "narHash": "sha256-7c2nrE5lfam9owEGqPkcq0LaIy7o1QxAANpQYMFj3ac=",
        "owner": "NixOS",
        "repo": "nixpkgs",
        "rev": "e1c9eda86c63d88789a0b72af6a8474d6cb941ca",
        "type": "github"
      },
      "original": {
        "owner": "NixOS",
        "ref": "master",
        "repo": "nixpkgs",
        "type": "github"
      }
    },
    "root": {
      "inputs": {
        "home-manager": "home-manager",
        "nixpkgs": "nixpkgs"
      }
    }
  },
  "root": "root",
  "version": 7
}
